// !$*UTF8*$!
{
	archiveVersion = 1;
	classes = {
	};
	objectVersion = 77;
	objects = {

/* Begin PBXBuildFile section */
		04EA198B2FBE392800665E87 /* WidgetKit.framework in Frameworks */ = {isa = PBXBuildFile; fileRef = 04EA198A2FBE392800665E87 /* WidgetKit.framework */; };
		04EA198D2FBE392800665E87 /* SwiftUI.framework in Frameworks */ = {isa = PBXBuildFile; fileRef = 04EA198C2FBE392800665E87 /* SwiftUI.framework */; };
		04EA199E2FBE392900665E87 /* SleepWellWidgetExtension.appex in Embed Foundation Extensions */ = {isa = PBXBuildFile; fileRef = 04EA19882FBE392800665E87 /* SleepWellWidgetExtension.appex */; settings = {ATTRIBUTES = (RemoveHeadersOnCopy, ); }; };
/* End PBXBuildFile section */

/* Begin PBXContainerItemProxy section */
		04795FB92FBB0022002506CC /* PBXContainerItemProxy */ = {
			isa = PBXContainerItemProxy;
			containerPortal = 04795FA32FBB0021002506CC /* Project object */;
			proxyType = 1;
			remoteGlobalIDString = 04795FAA2FBB0021002506CC;
			remoteInfo = SleepWell;
		};
		04795FC32FBB0022002506CC /* PBXContainerItemProxy */ = {
			isa = PBXContainerItemProxy;
			containerPortal = 04795FA32FBB0021002506CC /* Project object */;
			proxyType = 1;
			remoteGlobalIDString = 04795FAA2FBB0021002506CC;
			remoteInfo = SleepWell;
		};
		04EA199C2FBE392900665E87 /* PBXContainerItemProxy */ = {
			isa = PBXContainerItemProxy;
			containerPortal = 04795FA32FBB0021002506CC /* Project object */;
			proxyType = 1;
			remoteGlobalIDString = 04EA19872FBE392800665E87;
			remoteInfo = SleepWellWidgetExtension;
		};
/* End PBXContainerItemProxy section */

/* Begin PBXCopyFilesBuildPhase section */
		04EA19A32FBE392900665E87 /* Embed Foundation Extensions */ = {
			isa = PBXCopyFilesBuildPhase;
			buildActionMask = 2147483647;
			dstPath = "";
			dstSubfolderSpec = 13;
			files = (
				04EA199E2FBE392900665E87 /* SleepWellWidgetExtension.appex in Embed Foundation Extensions */,
			);
			name = "Embed Foundation Extensions";
			runOnlyForDeploymentPostprocessing = 0;
		};
/* End PBXCopyFilesBuildPhase section */

/* Begin PBXFileReference section */
		04795FAB2FBB0021002506CC /* SleepWell.app */ = {isa = PBXFileReference; explicitFileType = wrapper.application; includeInIndex = 0; path = SleepWell.app; sourceTree = BUILT_PRODUCTS_DIR; };
		04795FB82FBB0022002506CC /* SleepWellTests.xctest */ = {isa = PBXFileReference; explicitFileType = wrapper.cfbundle; includeInIndex = 0; path = SleepWellTests.xctest; sourceTree = BUILT_PRODUCTS_DIR; };
		04795FC22FBB0022002506CC /* SleepWellUITests.xctest */ = {isa = PBXFileReference; explicitFileType = wrapper.cfbundle; includeInIndex = 0; path = SleepWellUITests.xctest; sourceTree = BUILT_PRODUCTS_DIR; };
		04EA19882FBE392800665E87 /* SleepWellWidgetExtension.appex */ = {isa = PBXFileReference; explicitFileType = "wrapper.app-extension"; includeInIndex = 0; path = SleepWellWidgetExtension.appex; sourceTree = BUILT_PRODUCTS_DIR; };
		04EA198A2FBE392800665E87 /* WidgetKit.framework */ = {isa = PBXFileReference; lastKnownFileType = wrapper.framework; name = WidgetKit.framework; path = System/Library/Frameworks/WidgetKit.framework; sourceTree = SDKROOT; };
		04EA198C2FBE392800665E87 /* SwiftUI.framework */ = {isa = PBXFileReference; lastKnownFileType = wrapper.framework; name = SwiftUI.framework; path = System/Library/Frameworks/SwiftUI.framework; sourceTree = SDKROOT; };
		04EA19A42FBE394900665E87 /* SleepWellWidgetExtension.entitlements */ = {isa = PBXFileReference; lastKnownFileType = text.plist.entitlements; path = SleepWellWidgetExtension.entitlements; sourceTree = "<group>"; };
/* End PBXFileReference section */

/* Begin PBXFileSystemSynchronizedBuildFileExceptionSet section */
		04EA190E2FBCD38C00665E87 /* Exceptions for "SleepWell" folder in "SleepWell" target */ = {
			isa = PBXFileSystemSynchronizedBuildFileExceptionSet;
			membershipExceptions = (
				Info.plist,
			);
			target = 04795FAA2FBB0021002506CC /* SleepWell */;
		};
		04EA19A22FBE392900665E87 /* Exceptions for "SleepWellWidget" folder in "SleepWellWidgetExtension" target */ = {
			isa = PBXFileSystemSynchronizedBuildFileExceptionSet;
			membershipExceptions = (
				Info.plist,
			);
			target = 04EA19872FBE392800665E87 /* SleepWellWidgetExtension */;
		};
		35AE6C58B255464E8A592533 /* Exceptions for "SleepWell" folder in "SleepWellWidgetExtension" target */ = {
			isa = PBXFileSystemSynchronizedBuildFileExceptionSet;
			membershipExceptions = (
				Assets.xcassets,
				Info.plist,
				"SleepWell.entitlements",
				SleepWellApp.swift,
				"ViewModels/SleepViewModel.swift",
				"Views/BedtimeCard.swift",
				"Views/BedtimeResultsView.swift",
				"Views/SettingsView.swift",
				"Views/WakeTimeInputView.swift",
				"Views/WakeTimePickerView.swift",
			);
			target = 04EA19872FBE392800665E87 /* SleepWellWidgetExtension */;
		};
/* End PBXFileSystemSynchronizedBuildFileExceptionSet section */

/* Begin PBXFileSystemSynchronizedRootGroup section */
		04795FAD2FBB0021002506CC /* SleepWell */ = {
			isa = PBXFileSystemSynchronizedRootGroup;
			exceptions = (
				04EA190E2FBCD38C00665E87 /* Exceptions for "SleepWell" folder in "SleepWell" target */,
				35AE6C58B255464E8A592533 /* Exceptions for "SleepWell" folder in "SleepWellWidgetExtension" target */,
			);
			path = SleepWell;
			sourceTree = "<group>";
		};
		04795FBB2FBB0022002506CC /* SleepWellTests */ = {
			isa = PBXFileSystemSynchronizedRootGroup;
			path = SleepWellTests;
			sourceTree = "<group>";
		};
		04795FC52FBB0022002506CC /* SleepWellUITests */ = {
			isa = PBXFileSystemSynchronizedRootGroup;
			path = SleepWellUITests;
			sourceTree = "<group>";
		};
		04EA198E2FBE392800665E87 /* SleepWellWidget */ = {
			isa = PBXFileSystemSynchronizedRootGroup;
			exceptions = (
				04EA19A22FBE392900665E87 /* Exceptions for "SleepWellWidget" folder in "SleepWellWidgetExtension" target */,
			);
			path = SleepWellWidget;
			sourceTree = "<group>";
		};
/* End PBXFileSystemSynchronizedRootGroup section */

/* Begin PBXFrameworksBuildPhase section */
		04795FA82FBB0021002506CC /* Frameworks */ = {
			isa = PBXFrameworksBuildPhase;
			buildActionMask = 2147483647;
			files = (
			);
			runOnlyForDeploymentPostprocessing = 0;
		};
		04795FB52FBB0022002506CC /* Frameworks */ = {
			isa = PBXFrameworksBuildPhase;
			buildActionMask = 2147483647;
			files = (
			);
			runOnlyForDeploymentPostprocessing = 0;
		};
		04795FBF2FBB0022002506CC /* Frameworks */ = {
			isa = PBXFrameworksBuildPhase;
			buildActionMask = 2147483647;
			files = (
			);
			runOnlyForDeploymentPostprocessing = 0;
		};
		04EA19852FBE392800665E87 /* Frameworks */ = {
			isa = PBXFrameworksBuildPhase;
			buildActionMask = 2147483647;
			files = (
				04EA198D2FBE392800665E87 /* SwiftUI.framework in Frameworks */,
				04EA198B2FBE392800665E87 /* WidgetKit.framework in Frameworks */,
			);
			runOnlyForDeploymentPostprocessing = 0;
		};
/* End PBXFrameworksBuildPhase section */

/* Begin PBXGroup section */
		04795FA22FBB0021002506CC = {
			isa = PBXGroup;
			children = (
				04EA19A42FBE394900665E87 /* SleepWellWidgetExtension.entitlements */,
				04795FAD2FBB0021002506CC /* SleepWell */,
				04795FBB2FBB0022002506CC /* SleepWellTests */,
				04795FC52FBB0022002506CC /* SleepWellUITests */,
				04EA198E2FBE392800665E87 /* SleepWellWidget */,
				04EA19892FBE392800665E87 /* Frameworks */,
				04795FAC2FBB0021002506CC /* Products */,
			);
			sourceTree = "<group>";
		};
		04795FAC2FBB0021002506CC /* Products */ = {
			isa = PBXGroup;
			children = (
				04795FAB2FBB0021002506CC /* SleepWell.app */,
				04795FB82FBB0022002506CC /* SleepWellTests.xctest */,
				04795FC22FBB0022002506CC /* SleepWellUITests.xctest */,
				04EA19882FBE392800665E87 /* SleepWellWidgetExtension.appex */,
			);
			name = Products;
			sourceTree = "<group>";
		};
		04EA19892FBE392800665E87 /* Frameworks */ = {
			isa = PBXGroup;
			children = (
				04EA198A2FBE392800665E87 /* WidgetKit.framework */,
				04EA198C2FBE392800665E87 /* SwiftUI.framework */,
			);
			name = Frameworks;
			sourceTree = "<group>";
		};
/* End PBXGroup section */

/* Begin PBXNativeTarget section */
		04795FAA2FBB0021002506CC /* SleepWell */ = {
			isa = PBXNativeTarget;
			buildConfigurationList = 04795FCC2FBB0022002506CC /* Build configuration list for PBXNativeTarget "SleepWell" */;
			buildPhases = (
				04795FA72FBB0021002506CC /* Sources */,
				04795FA82FBB0021002506CC /* Frameworks */,
				04795FA92FBB0021002506CC /* Resources */,
				04EA19A32FBE392900665E87 /* Embed Foundation Extensions */,
			);
			buildRules = (
			);
			dependencies = (
				04EA199D2FBE392900665E87 /* PBXTargetDependency */,
			);
			fileSystemSynchronizedGroups = (
				04795FAD2FBB0021002506CC /* SleepWell */,
			);
			name = SleepWell;
			packageProductDependencies = (
			);
			productName = SleepWell;
			productReference = 04795FAB2FBB0021002506CC /* SleepWell.app */;
			productType = "com.apple.product-type.application";
		};
		04795FB72FBB0022002506CC /* SleepWellTests */ = {
			isa = PBXNativeTarget;
			buildConfigurationList = 04795FCF2FBB0022002506CC /* Build configuration list for PBXNativeTarget "SleepWellTests" */;
			buildPhases = (
				04795FB42FBB0022002506CC /* Sources */,
				04795FB52FBB0022002506CC /* Frameworks */,
				04795FB62FBB0022002506CC /* Resources */,
			);
			buildRules = (
			);
			dependencies = (
				04795FBA2FBB0022002506CC /* PBXTargetDependency */,
			);
			fileSystemSynchronizedGroups = (
				04795FBB2FBB0022002506CC /* SleepWellTests */,
			);
			name = SleepWellTests;
			packageProductDependencies = (
			);
			productName = SleepWellTests;
			productReference = 04795FB82FBB0022002506CC /* SleepWellTests.xctest */;
			productType = "com.apple.product-type.bundle.unit-test";
		};
		04795FC12FBB0022002506CC /* SleepWellUITests */ = {
			isa = PBXNativeTarget;
			buildConfigurationList = 04795FD22FBB0022002506CC /* Build configuration list for PBXNativeTarget "SleepWellUITests" */;
			buildPhases = (
				04795FBE2FBB0022002506CC /* Sources */,
				04795FBF2FBB0022002506CC /* Frameworks */,
				04795FC02FBB0022002506CC /* Resources */,
			);
			buildRules = (
			);
			dependencies = (
				04795FC42FBB0022002506CC /* PBXTargetDependency */,
			);
			fileSystemSynchronizedGroups = (
				04795FC52FBB0022002506CC /* SleepWellUITests */,
			);
			name = SleepWellUITests;
			packageProductDependencies = (
			);
			productName = SleepWellUITests;
			productReference = 04795FC22FBB0022002506CC /* SleepWellUITests.xctest */;
			productType = "com.apple.product-type.bundle.ui-testing";
		};
		04EA19872FBE392800665E87 /* SleepWellWidgetExtension */ = {
			isa = PBXNativeTarget;
			buildConfigurationList = 04EA199F2FBE392900665E87 /* Build configuration list for PBXNativeTarget "SleepWellWidgetExtension" */;
			buildPhases = (
				04EA19842FBE392800665E87 /* Sources */,
				04EA19852FBE392800665E87 /* Frameworks */,
				04EA19862FBE392800665E87 /* Resources */,
			);
			buildRules = (
			);
			dependencies = (
			);
			fileSystemSynchronizedGroups = (
				04EA198E2FBE392800665E87 /* SleepWellWidget */,
				04795FAD2FBB0021002506CC /* SleepWell */,
			);
			name = SleepWellWidgetExtension;
			packageProductDependencies = (
			);
			productName = SleepWellWidgetExtension;
			productReference = 04EA19882FBE392800665E87 /* SleepWellWidgetExtension.appex */;
			productType = "com.apple.product-type.app-extension";
		};
/* End PBXNativeTarget section */

/* Begin PBXProject section */
		04795FA32FBB0021002506CC /* Project object */ = {
			isa = PBXProject;
			attributes = {
				BuildIndependentTargetsInParallel = 1;
				LastSwiftUpdateCheck = 2650;
				LastUpgradeCheck = 2650;
				TargetAttributes = {
					04795FAA2FBB0021002506CC = {
						CreatedOnToolsVersion = 26.4.1;
					};
					04795FB72FBB0022002506CC = {
						CreatedOnToolsVersion = 26.4.1;
						TestTargetID = 04795FAA2FBB0021002506CC;
					};
					04795FC12FBB0022002506CC = {
						CreatedOnToolsVersion = 26.4.1;
						TestTargetID = 04795FAA2FBB0021002506CC;
					};
					04EA19872FBE392800665E87 = {
						CreatedOnToolsVersion = 26.5;
					};
				};
			};
			buildConfigurationList = 04795FA62FBB0021002506CC /* Build configuration list for PBXProject "SleepWell" */;
			developmentRegion = en;
			hasScannedForEncodings = 0;
			knownRegions = (
				en,
				Base,
			);
			mainGroup = 04795FA22FBB0021002506CC;
			minimizedProjectReferenceProxies = 1;
			preferredProjectObjectVersion = 77;
			productRefGroup = 04795FAC2FBB0021002506CC /* Products */;
			projectDirPath = "";
			projectRoot = "";
			targets = (
				04795FAA2FBB0021002506CC /* SleepWell */,
				04795FB72FBB0022002506CC /* SleepWellTests */,
				04795FC12FBB0022002506CC /* SleepWellUITests */,
				04EA19872FBE392800665E87 /* SleepWellWidgetExtension */,
			);
		};
/* End PBXProject section */

/* Begin PBXResourcesBuildPhase section */
		04795FA92FBB0021002506CC /* Resources */ = {
			isa = PBXResourcesBuildPhase;
			buildActionMask = 2147483647;
			files = (
			);
			runOnlyForDeploymentPostprocessing = 0;
		};
		04795FB62FBB0022002506CC /* Resources */ = {
			isa = PBXResourcesBuildPhase;
			buildActionMask = 2147483647;
			files = (
			);
			runOnlyForDeploymentPostprocessing = 0;
		};
		04795FC02FBB0022002506CC /* Resources */ = {
			isa = PBXResourcesBuildPhase;
			buildActionMask = 2147483647;
			files = (
			);
			runOnlyForDeploymentPostprocessing = 0;
		};
		04EA19862FBE392800665E87 /* Resources */ = {
			isa = PBXResourcesBuildPhase;
			buildActionMask = 2147483647;
			files = (
			);
			runOnlyForDeploymentPostprocessing = 0;
		};
/* End PBXResourcesBuildPhase section */

/* Begin PBXSourcesBuildPhase section */
		04795FA72FBB0021002506CC /* Sources */ = {
			isa = PBXSourcesBuildPhase;
			buildActionMask = 2147483647;
			files = (
			);
			runOnlyForDeploymentPostprocessing = 0;
		};
		04795FB42FBB0022002506CC /* Sources */ = {
			isa = PBXSourcesBuildPhase;
			buildActionMask = 2147483647;
			files = (
			);
			runOnlyForDeploymentPostprocessing = 0;
		};
		04795FBE2FBB0022002506CC /* Sources */ = {
			isa = PBXSourcesBuildPhase;
			buildActionMask = 2147483647;
			files = (
			);
			runOnlyForDeploymentPostprocessing = 0;
		};
		04EA19842FBE392800665E87 /* Sources */ = {
			isa = PBXSourcesBuildPhase;
			buildActionMask = 2147483647;
			files = (
			);
			runOnlyForDeploymentPostprocessing = 0;
		};
/* End PBXSourcesBuildPhase section */

/* Begin PBXTargetDependency section */
		04795FBA2FBB0022002506CC /* PBXTargetDependency */ = {
			isa = PBXTargetDependency;
			target = 04795FAA2FBB0021002506CC /* SleepWell */;
			targetProxy = 04795FB92FBB0022002506CC /* PBXContainerItemProxy */;
		};
		04795FC42FBB0022002506CC /* PBXTargetDependency */ = {
			isa = PBXTargetDependency;
			target = 04795FAA2FBB0021002506CC /* SleepWell */;
			targetProxy = 04795FC32FBB0022002506CC /* PBXContainerItemProxy */;
		};
		04EA199D2FBE392900665E87 /* PBXTargetDependency */ = {
			isa = PBXTargetDependency;
			target = 04EA19872FBE392800665E87 /* SleepWellWidgetExtension */;
			targetProxy = 04EA199C2FBE392900665E87 /* PBXContainerItemProxy */;
		};
/* End PBXTargetDependency section */

/* Begin XCBuildConfiguration section */
		04795FCA2FBB0022002506CC /* Debug */ = {
			isa = XCBuildConfiguration;
			buildSettings = {
				ALWAYS_SEARCH_USER_PATHS = NO;
				ASSETCATALOG_COMPILER_GENERATE_SWIFT_ASSET_SYMBOL_EXTENSIONS = YES;
				CLANG_ANALYZER_NONNULL = YES;
				CLANG_ANALYZER_NUMBER_OBJECT_CONVERSION = YES_AGGRESSIVE;
				CLANG_CXX_LANGUAGE_STANDARD = "gnu++20";
				CLANG_ENABLE_MODULES = YES;
				CLANG_ENABLE_OBJC_ARC = YES;
				CLANG_ENABLE_OBJC_WEAK = YES;
				CLANG_WARN_BLOCK_CAPTURE_AUTORELEASING = YES;
				CLANG_WARN_BOOL_CONVERSION = YES;
				CLANG_WARN_COMMA = YES;
				CLANG_WARN_CONSTANT_CONVERSION = YES;
				CLANG_WARN_DEPRECATED_OBJC_IMPLEMENTATIONS = YES;
				CLANG_WARN_DIRECT_OBJC_ISA_USAGE = YES_ERROR;
				CLANG_WARN_DOCUMENTATION_COMMENTS = YES;
				CLANG_WARN_EMPTY_BODY = YES;
				CLANG_WARN_ENUM_CONVERSION = YES;
				CLANG_WARN_INFINITE_RECURSION = YES;
				CLANG_WARN_INT_CONVERSION = YES;
				CLANG_WARN_NON_LITERAL_NULL_CONVERSION = YES;
				CLANG_WARN_OBJC_IMPLICIT_RETAIN_SELF = YES;
				CLANG_WARN_OBJC_LITERAL_CONVERSION = YES;
				CLANG_WARN_OBJC_ROOT_CLASS = YES_ERROR;
				CLANG_WARN_QUOTED_INCLUDE_IN_FRAMEWORK_HEADER = YES;
				CLANG_WARN_RANGE_LOOP_ANALYSIS = YES;
				CLANG_WARN_STRICT_PROTOTYPES = YES;
				CLANG_WARN_SUSPICIOUS_MOVE = YES;
				CLANG_WARN_UNGUARDED_AVAILABILITY = YES_AGGRESSIVE;
				CLANG_WARN_UNREACHABLE_CODE = YES;
				CLANG_WARN__DUPLICATE_METHOD_MATCH = YES;
				COPY_PHASE_STRIP = NO;
				DEAD_CODE_STRIPPING = YES;
				DEBUG_INFORMATION_FORMAT = dwarf;
				DEVELOPMENT_TEAM = ZGBV6QVU66;
				ENABLE_STRICT_OBJC_MSGSEND = YES;
				ENABLE_TESTABILITY = YES;
				ENABLE_USER_SCRIPT_SANDBOXING = YES;
				GCC_C_LANGUAGE_STANDARD = gnu17;
				GCC_DYNAMIC_NO_PIC = NO;
				GCC_NO_COMMON_BLOCKS = YES;
				GCC_OPTIMIZATION_LEVEL = 0;
				GCC_PREPROCESSOR_DEFINITIONS = (
					"DEBUG=1",
					"$(inherited)",
				);
				GCC_WARN_64_TO_32_BIT_CONVERSION = YES;
				GCC_WARN_ABOUT_RETURN_TYPE = YES_ERROR;
				GCC_WARN_UNDECLARED_SELECTOR = YES;
				GCC_WARN_UNINITIALIZED_AUTOS = YES_AGGRESSIVE;
				GCC_WARN_UNUSED_FUNCTION = YES;
				GCC_WARN_UNUSED_VARIABLE = YES;
				LOCALIZATION_PREFERS_STRING_CATALOGS = YES;
				MTL_ENABLE_DEBUG_INFO = INCLUDE_SOURCE;
				MTL_FAST_MATH = YES;
				ONLY_ACTIVE_ARCH = YES;
				STRING_CATALOG_GENERATE_SYMBOLS = YES;
				SWIFT_ACTIVE_COMPILATION_CONDITIONS = "DEBUG $(inherited)";
				SWIFT_OPTIMIZATION_LEVEL = "-Onone";
			};
			name = Debug;
		};
		04795FCB2FBB0022002506CC /* Release */ = {
			isa = XCBuildConfiguration;
			buildSettings = {
				ALWAYS_SEARCH_USER_PATHS = NO;
				ASSETCATALOG_COMPILER_GENERATE_SWIFT_ASSET_SYMBOL_EXTENSIONS = YES;
				CLANG_ANALYZER_NONNULL = YES;
				CLANG_ANALYZER_NUMBER_OBJECT_CONVERSION = YES_AGGRESSIVE;
				CLANG_CXX_LANGUAGE_STANDARD = "gnu++20";
				CLANG_ENABLE_MODULES = YES;
				CLANG_ENABLE_OBJC_ARC = YES;
				CLANG_ENABLE_OBJC_WEAK = YES;
				CLANG_WARN_BLOCK_CAPTURE_AUTORELEASING = YES;
				CLANG_WARN_BOOL_CONVERSION = YES;
				CLANG_WARN_COMMA = YES;
				CLANG_WARN_CONSTANT_CONVERSION = YES;
				CLANG_WARN_DEPRECATED_OBJC_IMPLEMENTATIONS = YES;
				CLANG_WARN_DIRECT_OBJC_ISA_USAGE = YES_ERROR;
				CLANG_WARN_DOCUMENTATION_COMMENTS = YES;
				CLANG_WARN_EMPTY_BODY = YES;
				CLANG_WARN_ENUM_CONVERSION = YES;
				CLANG_WARN_INFINITE_RECURSION = YES;
				CLANG_WARN_INT_CONVERSION = YES;
				CLANG_WARN_NON_LITERAL_NULL_CONVERSION = YES;
				CLANG_WARN_OBJC_IMPLICIT_RETAIN_SELF = YES;
				CLANG_WARN_OBJC_LITERAL_CONVERSION = YES;
				CLANG_WARN_OBJC_ROOT_CLASS = YES_ERROR;
				CLANG_WARN_QUOTED_INCLUDE_IN_FRAMEWORK_HEADER = YES;
				CLANG_WARN_RANGE_LOOP_ANALYSIS = YES;
				CLANG_WARN_STRICT_PROTOTYPES = YES;
				CLANG_WARN_SUSPICIOUS_MOVE = YES;
				CLANG_WARN_UNGUARDED_AVAILABILITY = YES_AGGRESSIVE;
				CLANG_WARN_UNREACHABLE_CODE = YES;
				CLANG_WARN__DUPLICATE_METHOD_MATCH = YES;
				COPY_PHASE_STRIP = NO;
				DEAD_CODE_STRIPPING = YES;
				DEBUG_INFORMATION_FORMAT = "dwarf-with-dsym";
				DEVELOPMENT_TEAM = ZGBV6QVU66;
				ENABLE_NS_ASSERTIONS = NO;
				ENABLE_STRICT_OBJC_MSGSEND = YES;
				ENABLE_USER_SCRIPT_SANDBOXING = YES;
				GCC_C_LANGUAGE_STANDARD = gnu17;
				GCC_NO_COMMON_BLOCKS = YES;
				GCC_WARN_64_TO_32_BIT_CONVERSION = YES;
				GCC_WARN_ABOUT_RETURN_TYPE = YES_ERROR;
				GCC_WARN_UNDECLARED_SELECTOR = YES;
				GCC_WARN_UNINITIALIZED_AUTOS = YES_AGGRESSIVE;
				GCC_WARN_UNUSED_FUNCTION = YES;
				GCC_WARN_UNUSED_VARIABLE = YES;
				LOCALIZATION_PREFERS_STRING_CATALOGS = YES;
				MTL_ENABLE_DEBUG_INFO = NO;
				MTL_FAST_MATH = YES;
				STRING_CATALOG_GENERATE_SYMBOLS = YES;
				SWIFT_COMPILATION_MODE = wholemodule;
			};
			name = Release;
		};
		04795FCD2FBB0022002506CC /* Debug */ = {
			isa = XCBuildConfiguration;
			buildSettings = {
				ASSETCATALOG_COMPILER_APPICON_NAME = AppIcon;
				ASSETCATALOG_COMPILER_GLOBAL_ACCENT_COLOR_NAME = AccentColor;
				CODE_SIGN_ENTITLEMENTS = SleepWell/SleepWell.entitlements;
				CODE_SIGN_STYLE = Automatic;
				CURRENT_PROJECT_VERSION = 1;
				DEAD_CODE_STRIPPING = YES;
				DEVELOPMENT_TEAM = ZGBV6QVU66;
				ENABLE_APP_SANDBOX = YES;
				ENABLE_HARDENED_RUNTIME = YES;
				ENABLE_PREVIEWS = YES;
				ENABLE_USER_SELECTED_FILES = readonly;
				GENERATE_INFOPLIST_FILE = YES;
				INFOPLIST_FILE = SleepWell/Info.plist;
				INFOPLIST_KEY_NSSupportsLiveActivities = YES;
				"INFOPLIST_KEY_UIApplicationSceneManifest_Generation[sdk=iphoneos*]" = YES;
				"INFOPLIST_KEY_UIApplicationSceneManifest_Generation[sdk=iphonesimulator*]" = YES;
				"INFOPLIST_KEY_UIApplicationSupportsIndirectInputEvents[sdk=iphoneos*]" = YES;
				"INFOPLIST_KEY_UIApplicationSupportsIndirectInputEvents[sdk=iphonesimulator*]" = YES;
				"INFOPLIST_KEY_UILaunchScreen_Generation[sdk=iphoneos*]" = YES;
				"INFOPLIST_KEY_UILaunchScreen_Generation[sdk=iphonesimulator*]" = YES;
				"INFOPLIST_KEY_UIStatusBarStyle[sdk=iphoneos*]" = UIStatusBarStyleDefault;
				"INFOPLIST_KEY_UIStatusBarStyle[sdk=iphonesimulator*]" = UIStatusBarStyleDefault;
				INFOPLIST_KEY_UISupportedInterfaceOrientations_iPad = "UIInterfaceOrientationPortrait UIInterfaceOrientationPortraitUpsideDown UIInterfaceOrientationLandscapeLeft UIInterfaceOrientationLandscapeRight";
				INFOPLIST_KEY_UISupportedInterfaceOrientations_iPhone = "UIInterfaceOrientationPortrait UIInterfaceOrientationLandscapeLeft UIInterfaceOrientationLandscapeRight";
				IPHONEOS_DEPLOYMENT_TARGET = 26.4;
				LD_RUNPATH_SEARCH_PATHS = "@executable_path/Frameworks";
				"LD_RUNPATH_SEARCH_PATHS[sdk=macosx*]" = "@executable_path/../Frameworks";
				MACOSX_DEPLOYMENT_TARGET = 26.4;
				MARKETING_VERSION = 1.0;
				PRODUCT_BUNDLE_IDENTIFIER = com.highland.SleepWell;
				PRODUCT_NAME = "$(TARGET_NAME)";
				REGISTER_APP_GROUPS = YES;
				SDKROOT = auto;
				STRING_CATALOG_GENERATE_SYMBOLS = YES;
				SUPPORTED_PLATFORMS = "iphoneos iphonesimulator macosx xros xrsimulator";
				SWIFT_APPROACHABLE_CONCURRENCY = YES;
				SWIFT_DEFAULT_ACTOR_ISOLATION = MainActor;
				SWIFT_EMIT_LOC_STRINGS = YES;
				SWIFT_UPCOMING_FEATURE_MEMBER_IMPORT_VISIBILITY = YES;
				SWIFT_VERSION = 5.0;
				TARGETED_DEVICE_FAMILY = "1,2,7";
				XROS_DEPLOYMENT_TARGET = 26.4;
			};
			name = Debug;
		};
		04795FCE2FBB0022002506CC /* Release */ = {
			isa = XCBuildConfiguration;
			buildSettings = {
				ASSETCATALOG_COMPILER_APPICON_NAME = AppIcon;
				ASSETCATALOG_COMPILER_GLOBAL_ACCENT_COLOR_NAME = AccentColor;
				CODE_SIGN_ENTITLEMENTS = SleepWell/SleepWell.entitlements;
				CODE_SIGN_STYLE = Automatic;
				CURRENT_PROJECT_VERSION = 1;
				DEAD_CODE_STRIPPING = YES;
				DEVELOPMENT_TEAM = ZGBV6QVU66;
				ENABLE_APP_SANDBOX = YES;
				ENABLE_HARDENED_RUNTIME = YES;
				ENABLE_PREVIEWS = YES;
				ENABLE_USER_SELECTED_FILES = readonly;
				GENERATE_INFOPLIST_FILE = YES;
				INFOPLIST_FILE = SleepWell/Info.plist;
				INFOPLIST_KEY_NSSupportsLiveActivities = YES;
				"INFOPLIST_KEY_UIApplicationSceneManifest_Generation[sdk=iphoneos*]" = YES;
				"INFOPLIST_KEY_UIApplicationSceneManifest_Generation[sdk=iphonesimulator*]" = YES;
				"INFOPLIST_KEY_UIApplicationSupportsIndirectInputEvents[sdk=iphoneos*]" = YES;
				"INFOPLIST_KEY_UIApplicationSupportsIndirectInputEvents[sdk=iphonesimulator*]" = YES;
				"INFOPLIST_KEY_UILaunchScreen_Generation[sdk=iphoneos*]" = YES;
				"INFOPLIST_KEY_UILaunchScreen_Generation[sdk=iphonesimulator*]" = YES;
				"INFOPLIST_KEY_UIStatusBarStyle[sdk=iphoneos*]" = UIStatusBarStyleDefault;
				"INFOPLIST_KEY_UIStatusBarStyle[sdk=iphonesimulator*]" = UIStatusBarStyleDefault;
				INFOPLIST_KEY_UISupportedInterfaceOrientations_iPad = "UIInterfaceOrientationPortrait UIInterfaceOrientationPortraitUpsideDown UIInterfaceOrientationLandscapeLeft UIInterfaceOrientationLandscapeRight";
				INFOPLIST_KEY_UISupportedInterfaceOrientations_iPhone = "UIInterfaceOrientationPortrait UIInterfaceOrientationLandscapeLeft UIInterfaceOrientationLandscapeRight";
				IPHONEOS_DEPLOYMENT_TARGET = 26.4;
				LD_RUNPATH_SEARCH_PATHS = "@executable_path/Frameworks";
				"LD_RUNPATH_SEARCH_PATHS[sdk=macosx*]" = "@executable_path/../Frameworks";
				MACOSX_DEPLOYMENT_TARGET = 26.4;
				MARKETING_VERSION = 1.0;
				PRODUCT_BUNDLE_IDENTIFIER = com.highland.SleepWell;
				PRODUCT_NAME = "$(TARGET_NAME)";
				REGISTER_APP_GROUPS = YES;
				SDKROOT = auto;
				STRING_CATALOG_GENERATE_SYMBOLS = YES;
				SUPPORTED_PLATFORMS = "iphoneos iphonesimulator macosx xros xrsimulator";
				SWIFT_APPROACHABLE_CONCURRENCY = YES;
				SWIFT_DEFAULT_ACTOR_ISOLATION = MainActor;
				SWIFT_EMIT_LOC_STRINGS = YES;
				SWIFT_UPCOMING_FEATURE_MEMBER_IMPORT_VISIBILITY = YES;
				SWIFT_VERSION = 5.0;
				TARGETED_DEVICE_FAMILY = "1,2,7";
				XROS_DEPLOYMENT_TARGET = 26.4;
			};
			name = Release;
		};
		04795FD02FBB0022002506CC /* Debug */ = {
			isa = XCBuildConfiguration;
			buildSettings = {
				BUNDLE_LOADER = "$(TEST_HOST)";
				CODE_SIGN_STYLE = Automatic;
				CURRENT_PROJECT_VERSION = 1;
				DEAD_CODE_STRIPPING = YES;
				DEVELOPMENT_TEAM = ZGBV6QVU66;
				GENERATE_INFOPLIST_FILE = YES;
				IPHONEOS_DEPLOYMENT_TARGET = 26.4;
				MACOSX_DEPLOYMENT_TARGET = 26.4;
				MARKETING_VERSION = 1.0;
				PRODUCT_BUNDLE_IDENTIFIER = com.highland.SleepWellTests;
				PRODUCT_NAME = "$(TARGET_NAME)";
				SDKROOT = auto;
				STRING_CATALOG_GENERATE_SYMBOLS = NO;
				SUPPORTED_PLATFORMS = "iphoneos iphonesimulator macosx xros xrsimulator";
				SWIFT_APPROACHABLE_CONCURRENCY = YES;
				SWIFT_EMIT_LOC_STRINGS = NO;
				SWIFT_UPCOMING_FEATURE_MEMBER_IMPORT_VISIBILITY = YES;
				SWIFT_VERSION = 5.0;
				TARGETED_DEVICE_FAMILY = "1,2,7";
				TEST_HOST = "$(BUILT_PRODUCTS_DIR)/SleepWell.app/$(BUNDLE_EXECUTABLE_FOLDER_PATH)/SleepWell";
				XROS_DEPLOYMENT_TARGET = 26.4;
			};
			name = Debug;
		};
		04795FD12FBB0022002506CC /* Release */ = {
			isa = XCBuildConfiguration;
			buildSettings = {
				BUNDLE_LOADER = "$(TEST_HOST)";
				CODE_SIGN_STYLE = Automatic;
				CURRENT_PROJECT_VERSION = 1;
				DEAD_CODE_STRIPPING = YES;
				DEVELOPMENT_TEAM = ZGBV6QVU66;
				GENERATE_INFOPLIST_FILE = YES;
				IPHONEOS_DEPLOYMENT_TARGET = 26.4;
				MACOSX_DEPLOYMENT_TARGET = 26.4;
				MARKETING_VERSION = 1.0;
				PRODUCT_BUNDLE_IDENTIFIER = com.highland.SleepWellTests;
				PRODUCT_NAME = "$(TARGET_NAME)";
				SDKROOT = auto;
				STRING_CATALOG_GENERATE_SYMBOLS = NO;
				SUPPORTED_PLATFORMS = "iphoneos iphonesimulator macosx xros xrsimulator";
				SWIFT_APPROACHABLE_CONCURRENCY = YES;
				SWIFT_EMIT_LOC_STRINGS = NO;
				SWIFT_UPCOMING_FEATURE_MEMBER_IMPORT_VISIBILITY = YES;
				SWIFT_VERSION = 5.0;
				TARGETED_DEVICE_FAMILY = "1,2,7";
				TEST_HOST = "$(BUILT_PRODUCTS_DIR)/SleepWell.app/$(BUNDLE_EXECUTABLE_FOLDER_PATH)/SleepWell";
				XROS_DEPLOYMENT_TARGET = 26.4;
			};
			name = Release;
		};
		04795FD32FBB0022002506CC /* Debug */ = {
			isa = XCBuildConfiguration;
			buildSettings = {
				CODE_SIGN_STYLE = Automatic;
				CURRENT_PROJECT_VERSION = 1;
				DEAD_CODE_STRIPPING = YES;
				DEVELOPMENT_TEAM = ZGBV6QVU66;
				GENERATE_INFOPLIST_FILE = YES;
				IPHONEOS_DEPLOYMENT_TARGET = 26.4;
				MACOSX_DEPLOYMENT_TARGET = 26.4;
				MARKETING_VERSION = 1.0;
				PRODUCT_BUNDLE_IDENTIFIER = com.highland.SleepWellUITests;
				PRODUCT_NAME = "$(TARGET_NAME)";
				SDKROOT = auto;
				STRING_CATALOG_GENERATE_SYMBOLS = NO;
				SUPPORTED_PLATFORMS = "iphoneos iphonesimulator macosx xros xrsimulator";
				SWIFT_APPROACHABLE_CONCURRENCY = YES;
				SWIFT_EMIT_LOC_STRINGS = NO;
				SWIFT_UPCOMING_FEATURE_MEMBER_IMPORT_VISIBILITY = YES;
				SWIFT_VERSION = 5.0;
				TARGETED_DEVICE_FAMILY = "1,2,7";
				TEST_TARGET_NAME = SleepWell;
				XROS_DEPLOYMENT_TARGET = 26.4;
			};
			name = Debug;
		};
		04795FD42FBB0022002506CC /* Release */ = {
			isa = XCBuildConfiguration;
			buildSettings = {
				CODE_SIGN_STYLE = Automatic;
				CURRENT_PROJECT_VERSION = 1;
				DEAD_CODE_STRIPPING = YES;
				DEVELOPMENT_TEAM = ZGBV6QVU66;
				GENERATE_INFOPLIST_FILE = YES;
				IPHONEOS_DEPLOYMENT_TARGET = 26.4;
				MACOSX_DEPLOYMENT_TARGET = 26.4;
				MARKETING_VERSION = 1.0;
				PRODUCT_BUNDLE_IDENTIFIER = com.highland.SleepWellUITests;
				PRODUCT_NAME = "$(TARGET_NAME)";
				SDKROOT = auto;
				STRING_CATALOG_GENERATE_SYMBOLS = NO;
				SUPPORTED_PLATFORMS = "iphoneos iphonesimulator macosx xros xrsimulator";
				SWIFT_APPROACHABLE_CONCURRENCY = YES;
				SWIFT_EMIT_LOC_STRINGS = NO;
				SWIFT_UPCOMING_FEATURE_MEMBER_IMPORT_VISIBILITY = YES;
				SWIFT_VERSION = 5.0;
				TARGETED_DEVICE_FAMILY = "1,2,7";
				TEST_TARGET_NAME = SleepWell;
				XROS_DEPLOYMENT_TARGET = 26.4;
			};
			name = Release;
		};
		04EA19A02FBE392900665E87 /* Debug */ = {
			isa = XCBuildConfiguration;
			buildSettings = {
				ASSETCATALOG_COMPILER_GLOBAL_ACCENT_COLOR_NAME = AccentColor;
				ASSETCATALOG_COMPILER_WIDGET_BACKGROUND_COLOR_NAME = WidgetBackground;
				CODE_SIGN_ENTITLEMENTS = SleepWellWidgetExtension.entitlements;
				CODE_SIGN_STYLE = Automatic;
				CURRENT_PROJECT_VERSION = 1;
				DEVELOPMENT_TEAM = ZGBV6QVU66;
				GENERATE_INFOPLIST_FILE = YES;
				INFOPLIST_FILE = SleepWellWidget/Info.plist;
				INFOPLIST_KEY_CFBundleDisplayName = SleepWellWidget;
				INFOPLIST_KEY_NSHumanReadableCopyright = "";
				IPHONEOS_DEPLOYMENT_TARGET = 26.4;
				LD_RUNPATH_SEARCH_PATHS = (
					"$(inherited)",
					"@executable_path/Frameworks",
					"@executable_path/../../Frameworks",
				);
				MARKETING_VERSION = 1.0;
				PRODUCT_BUNDLE_IDENTIFIER = com.highland.SleepWell.SleepWellWidget;
				PRODUCT_NAME = "$(TARGET_NAME)";
				SDKROOT = iphoneos;
				SKIP_INSTALL = YES;
				STRING_CATALOG_GENERATE_SYMBOLS = YES;
				SWIFT_APPROACHABLE_CONCURRENCY = YES;
				SWIFT_EMIT_LOC_STRINGS = YES;
				SWIFT_UPCOMING_FEATURE_MEMBER_IMPORT_VISIBILITY = YES;
				SWIFT_VERSION = 5.0;
				TARGETED_DEVICE_FAMILY = "1,2";
			};
			name = Debug;
		};
		04EA19A12FBE392900665E87 /* Release */ = {
			isa = XCBuildConfiguration;
			buildSettings = {
				ASSETCATALOG_COMPILER_GLOBAL_ACCENT_COLOR_NAME = AccentColor;
				ASSETCATALOG_COMPILER_WIDGET_BACKGROUND_COLOR_NAME = WidgetBackground;
				CODE_SIGN_ENTITLEMENTS = SleepWellWidgetExtension.entitlements;
				CODE_SIGN_STYLE = Automatic;
				CURRENT_PROJECT_VERSION = 1;
				DEVELOPMENT_TEAM = ZGBV6QVU66;
				GENERATE_INFOPLIST_FILE = YES;
				INFOPLIST_FILE = SleepWellWidget/Info.plist;
				INFOPLIST_KEY_CFBundleDisplayName = SleepWellWidget;
				INFOPLIST_KEY_NSHumanReadableCopyright = "";
				IPHONEOS_DEPLOYMENT_TARGET = 26.4;
				LD_RUNPATH_SEARCH_PATHS = (
					"$(inherited)",
					"@executable_path/Frameworks",
					"@executable_path/../../Frameworks",
				);
				MARKETING_VERSION = 1.0;
				PRODUCT_BUNDLE_IDENTIFIER = com.highland.SleepWell.SleepWellWidget;
				PRODUCT_NAME = "$(TARGET_NAME)";
				SDKROOT = iphoneos;
				SKIP_INSTALL = YES;
				STRING_CATALOG_GENERATE_SYMBOLS = YES;
				SWIFT_APPROACHABLE_CONCURRENCY = YES;
				SWIFT_EMIT_LOC_STRINGS = YES;
				SWIFT_UPCOMING_FEATURE_MEMBER_IMPORT_VISIBILITY = YES;
				SWIFT_VERSION = 5.0;
				TARGETED_DEVICE_FAMILY = "1,2";
				VALIDATE_PRODUCT = YES;
			};
			name = Release;
		};
/* End XCBuildConfiguration section */

/* Begin XCConfigurationList section */
		04795FA62FBB0021002506CC /* Build configuration list for PBXProject "SleepWell" */ = {
			isa = XCConfigurationList;
			buildConfigurations = (
				04795FCA2FBB0022002506CC /* Debug */,
				04795FCB2FBB0022002506CC /* Release */,
			);
			defaultConfigurationIsVisible = 0;
			defaultConfigurationName = Release;
		};
		04795FCC2FBB0022002506CC /* Build configuration list for PBXNativeTarget "SleepWell" */ = {
			isa = XCConfigurationList;
			buildConfigurations = (
				04795FCD2FBB0022002506CC /* Debug */,
				04795FCE2FBB0022002506CC /* Release */,
			);
			defaultConfigurationIsVisible = 0;
			defaultConfigurationName = Release;
		};
		04795FCF2FBB0022002506CC /* Build configuration list for PBXNativeTarget "SleepWellTests" */ = {
			isa = XCConfigurationList;
			buildConfigurations = (
				04795FD02FBB0022002506CC /* Debug */,
				04795FD12FBB0022002506CC /* Release */,
			);
			defaultConfigurationIsVisible = 0;
			defaultConfigurationName = Release;
		};
		04795FD22FBB0022002506CC /* Build configuration list for PBXNativeTarget "SleepWellUITests" */ = {
			isa = XCConfigurationList;
			buildConfigurations = (
				04795FD32FBB0022002506CC /* Debug */,
				04795FD42FBB0022002506CC /* Release */,
			);
			defaultConfigurationIsVisible = 0;
			defaultConfigurationName = Release;
		};
		04EA199F2FBE392900665E87 /* Build configuration list for PBXNativeTarget "SleepWellWidgetExtension" */ = {
			isa = XCConfigurationList;
			buildConfigurations = (
				04EA19A02FBE392900665E87 /* Debug */,
				04EA19A12FBE392900665E87 /* Release */,
			);
			defaultConfigurationIsVisible = 0;
			defaultConfigurationName = Release;
		};
/* End XCConfigurationList section */
	};
	rootObject = 04795FA32FBB0021002506CC /* Project object */;
}
